{
  "name": "scripts",
  "version": "1.0.0",
  "lockfileVersion": 3,
  "requires": true,
  "packages": {
    "": {
      "name": "scripts",
      "version": "1.0.0",
      "license": "ISC",
      "dependencies": {
        "elkjs": "^0.11.0"
      }
    },
    "node_modules/elkjs": {
      "version": "0.11.0",
      "resolved": "https://registry.npmjs.org/elkjs/-/elkjs-0.11.0.tgz",
      "integrity": "sha512-u4J8h9mwEDaYMqo0RYJpqNMFDoMK7f+pu4GjcV+N8jIC7TRdORgzkfSjTJemhqONFfH6fBI3wpysgWbhgVWIXw==",
      "license": "EPL-2.0"
    }
  }
}
